// !$*UTF8*$!
{
	archiveVersion = 1;
	classes = {
	};
	objectVersion = 46;
	objects = {

/* Begin PBXBuildFile section */
		054655B4BCA5A854AF24F2FD /* Pods_project_18UITests.framework in Frameworks */ = {isa = PBXBuildFile; fileRef = 3B28B73C796451B5DFA2AD62 /* Pods_project_18UITests.framework */; };
		2802BB621D384725006EBD15 /* NotificationCommentEvent.swift in Sources */ = {isa = PBXBuildFile; fileRef = 2802BB611D384725006EBD15 /* NotificationCommentEvent.swift */; };
		2880FE9F1D388949009BD67B /* NotificationFriendHost.swift in Sources */ = {isa = PBXBuildFile; fileRef = 2880FE9E1D388949009BD67B /* NotificationFriendHost.swift */; };
		2880FEA11D388E5C009BD67B /* NotificationInviteEvent.swift in Sources */ = {isa = PBXBuildFile; fileRef = 2880FEA01D388E5C009BD67B /* NotificationInviteEvent.swift */; };
		2880FEA31D389029009BD67B /* NotificationJoinedEvent.swift in Sources */ = {isa = PBXBuildFile; fileRef = 2880FEA21D389029009BD67B /* NotificationJoinedEvent.swift */; };
		2880FEA51D3892C2009BD67B /* NotificationWelcome.swift in Sources */ = {isa = PBXBuildFile; fileRef = 2880FEA41D3892C2009BD67B /* NotificationWelcome.swift */; };
		288EF14D1D3050C9001FBE63 /* AppDelegate.swift in Sources */ = {isa = PBXBuildFile; fileRef = 288EF14C1D3050C9001FBE63 /* AppDelegate.swift */; };
		288EF1541D3050C9001FBE63 /* Main.storyboard in Resources */ = {isa = PBXBuildFile; fileRef = 288EF1521D3050C9001FBE63 /* Main.storyboard */; };
		288EF1561D3050C9001FBE63 /* Assets.xcassets in Resources */ = {isa = PBXBuildFile; fileRef = 288EF1551D3050C9001FBE63 /* Assets.xcassets */; };
		288EF1591D3050C9001FBE63 /* LaunchScreen.storyboard in Resources */ = {isa = PBXBuildFile; fileRef = 288EF1571D3050C9001FBE63 /* LaunchScreen.storyboard */; };
		288EF1641D3050C9001FBE63 /* project_18Tests.swift in Sources */ = {isa = PBXBuildFile; fileRef = 288EF1631D3050C9001FBE63 /* project_18Tests.swift */; };
		288EF16F1D3050C9001FBE63 /* project_18UITests.swift in Sources */ = {isa = PBXBuildFile; fileRef = 288EF16E1D3050C9001FBE63 /* project_18UITests.swift */; };
		288EF17D1D305B4F001FBE63 /* Event.swift in Sources */ = {isa = PBXBuildFile; fileRef = 288EF17C1D305B4F001FBE63 /* Event.swift */; };
		28A542F41D344CB600BE90E0 /* Globals.swift in Sources */ = {isa = PBXBuildFile; fileRef = 28A542F31D344CB600BE90E0 /* Globals.swift */; };
		28A542F61D3455E600BE90E0 /* User.swift in Sources */ = {isa = PBXBuildFile; fileRef = 28A542F51D3455E600BE90E0 /* User.swift */; };
		28B57FF51D37455B00CE430C /* Notification.swift in Sources */ = {isa = PBXBuildFile; fileRef = 28B57FF41D37455B00CE430C /* Notification.swift */; };
		28B57FF71D374B8F00CE430C /* NotificationNewFollow.swift in Sources */ = {isa = PBXBuildFile; fileRef = 28B57FF61D374B8F00CE430C /* NotificationNewFollow.swift */; };
		BAFD470730C7EC4C8483A9A6 /* Pods_project_18.framework in Frameworks */ = {isa = PBXBuildFile; fileRef = 63E2A126951744DF6EEF42C7 /* Pods_project_18.framework */; };
		E4335D284C29DFE8F42F1501 /* Pods_project_18Tests.framework in Frameworks */ = {isa = PBXBuildFile; fileRef = 92CD78F47B1A3330F98C392D /* Pods_project_18Tests.framework */; };
		F60AB8081D362D360092AB38 /* ListTableViewCell.xib in Resources */ = {isa = PBXBuildFile; fileRef = F60AB8071D362D360092AB38 /* ListTableViewCell.xib */; };
		F60AB80A1D3631770092AB38 /* ListTableViewCell.swift in Sources */ = {isa = PBXBuildFile; fileRef = F60AB8091D3631770092AB38 /* ListTableViewCell.swift */; };
		F60AB80E1D3631E20092AB38 /* ViewController.swift in Sources */ = {isa = PBXBuildFile; fileRef = F60AB80D1D3631E20092AB38 /* ViewController.swift */; };
		F60AB8141D3694570092AB38 /* Comment.swift in Sources */ = {isa = PBXBuildFile; fileRef = F60AB8131D3694570092AB38 /* Comment.swift */; };
		F61209F21D352FE600E5C715 /* GoogleService-Info.plist in Resources */ = {isa = PBXBuildFile; fileRef = F61209F11D352FE600E5C715 /* GoogleService-Info.plist */; };
		F61945451D3CE056006BB981 /* ProfileViewController.swift in Sources */ = {isa = PBXBuildFile; fileRef = F61945441D3CE056006BB981 /* ProfileViewController.swift */; };
		F61945471D3CE08C006BB981 /* MapViewController.swift in Sources */ = {isa = PBXBuildFile; fileRef = F61945461D3CE08C006BB981 /* MapViewController.swift */; };
		F619454D1D3D03EE006BB981 /* EventInfoViewController.swift in Sources */ = {isa = PBXBuildFile; fileRef = F619454C1D3D03EE006BB981 /* EventInfoViewController.swift */; };
		F625A3F91D3DF7C6006AA3F2 /* ic_actionbar_notif.png in Resources */ = {isa = PBXBuildFile; fileRef = F625A3F51D3DF7C6006AA3F2 /* ic_actionbar_notif.png */; };
		F625A3FA1D3DF7C6006AA3F2 /* ic_actionbar_head.png in Resources */ = {isa = PBXBuildFile; fileRef = F625A3F61D3DF7C6006AA3F2 /* ic_actionbar_head.png */; };
		F625A3FB1D3DF7C6006AA3F2 /* ic_actionbar_browse2.png in Resources */ = {isa = PBXBuildFile; fileRef = F625A3F71D3DF7C6006AA3F2 /* ic_actionbar_browse2.png */; };
		F625A3FC1D3DF7C6006AA3F2 /* ic_actionbar_map2.png in Resources */ = {isa = PBXBuildFile; fileRef = F625A3F81D3DF7C6006AA3F2 /* ic_actionbar_map2.png */; };
		F6E0D4CD1D4110A300ECF637 /* FBSDKCoreKit.framework in Frameworks */ = {isa = PBXBuildFile; fileRef = F6E0D4CA1D4110A200ECF637 /* FBSDKCoreKit.framework */; };
		F6E0D4CE1D4110A300ECF637 /* FBSDKLoginKit.framework in Frameworks */ = {isa = PBXBuildFile; fileRef = F6E0D4CB1D4110A200ECF637 /* FBSDKLoginKit.framework */; };
		F6E0D4CF1D4110A300ECF637 /* FBSDKShareKit.framework in Frameworks */ = {isa = PBXBuildFile; fileRef = F6E0D4CC1D4110A200ECF637 /* FBSDKShareKit.framework */; };
		F6E0D4D11D41111400ECF637 /* Bolts.framework in Frameworks */ = {isa = PBXBuildFile; fileRef = F6E0D4D01D41111400ECF637 /* Bolts.framework */; };
		F6E0D4D91D411D5300ECF637 /* ListViewController.swift in Sources */ = {isa = PBXBuildFile; fileRef = F6E0D4D81D411D5300ECF637 /* ListViewController.swift */; };
		F6E0D4E01D411E4400ECF637 /* LoginViewController.swift in Sources */ = {isa = PBXBuildFile; fileRef = F6E0D4DF1D411E4400ECF637 /* LoginViewController.swift */; };
/* End PBXBuildFile section */

/* Begin PBXContainerItemProxy section */
		288EF1601D3050C9001FBE63 /* PBXContainerItemProxy */ = {
			isa = PBXContainerItemProxy;
			containerPortal = 288EF1411D3050C9001FBE63 /* Project object */;
			proxyType = 1;
			remoteGlobalIDString = 288EF1481D3050C9001FBE63;
			remoteInfo = "project-18";
		};
		288EF16B1D3050C9001FBE63 /* PBXContainerItemProxy */ = {
			isa = PBXContainerItemProxy;
			containerPortal = 288EF1411D3050C9001FBE63 /* Project object */;
			proxyType = 1;
			remoteGlobalIDString = 288EF1481D3050C9001FBE63;
			remoteInfo = "project-18";
		};
/* End PBXContainerItemProxy section */

/* Begin PBXFileReference section */
		059CCB12A12BBA8C67273267 /* Pods-project-18Tests.release.xcconfig */ = {isa = PBXFileReference; includeInIndex = 1; lastKnownFileType = text.xcconfig; name = "Pods-project-18Tests.release.xcconfig"; path = "Pods/Target Support Files/Pods-project-18Tests/Pods-project-18Tests.release.xcconfig"; sourceTree = "<group>"; };
		0C6DC42C570E0D10BC06FF44 /* Pods-project-18UITests.debug.xcconfig */ = {isa = PBXFileReference; includeInIndex = 1; lastKnownFileType = text.xcconfig; name = "Pods-project-18UITests.debug.xcconfig"; path = "Pods/Target Support Files/Pods-project-18UITests/Pods-project-18UITests.debug.xcconfig"; sourceTree = "<group>"; };
		1F601368BE812AE1B3D4FF6E /* Pods-project-18.release.xcconfig */ = {isa = PBXFileReference; includeInIndex = 1; lastKnownFileType = text.xcconfig; name = "Pods-project-18.release.xcconfig"; path = "Pods/Target Support Files/Pods-project-18/Pods-project-18.release.xcconfig"; sourceTree = "<group>"; };
		2802BB611D384725006EBD15 /* NotificationCommentEvent.swift */ = {isa = PBXFileReference; fileEncoding = 4; lastKnownFileType = sourcecode.swift; path = NotificationCommentEvent.swift; sourceTree = "<group>"; };
		2880FE9E1D388949009BD67B /* NotificationFriendHost.swift */ = {isa = PBXFileReference; fileEncoding = 4; lastKnownFileType = sourcecode.swift; path = NotificationFriendHost.swift; sourceTree = "<group>"; };
		2880FEA01D388E5C009BD67B /* NotificationInviteEvent.swift */ = {isa = PBXFileReference; fileEncoding = 4; lastKnownFileType = sourcecode.swift; path = NotificationInviteEvent.swift; sourceTree = "<group>"; };
		2880FEA21D389029009BD67B /* NotificationJoinedEvent.swift */ = {isa = PBXFileReference; fileEncoding = 4; lastKnownFileType = sourcecode.swift; path = NotificationJoinedEvent.swift; sourceTree = "<group>"; };
		2880FEA41D3892C2009BD67B /* NotificationWelcome.swift */ = {isa = PBXFileReference; fileEncoding = 4; lastKnownFileType = sourcecode.swift; path = NotificationWelcome.swift; sourceTree = "<group>"; };
		288EF1491D3050C9001FBE63 /* project-18.app */ = {isa = PBXFileReference; explicitFileType = wrapper.application; includeInIndex = 0; path = "project-18.app"; sourceTree = BUILT_PRODUCTS_DIR; };
		288EF14C1D3050C9001FBE63 /* AppDelegate.swift */ = {isa = PBXFileReference; lastKnownFileType = sourcecode.swift; path = AppDelegate.swift; sourceTree = "<group>"; };
		288EF1531D3050C9001FBE63 /* Base */ = {isa = PBXFileReference; lastKnownFileType = file.storyboard; name = Base; path = Base.lproj/Main.storyboard; sourceTree = "<group>"; };
		288EF1551D3050C9001FBE63 /* Assets.xcassets */ = {isa = PBXFileReference; lastKnownFileType = folder.assetcatalog; path = Assets.xcassets; sourceTree = "<group>"; };
		288EF1581D3050C9001FBE63 /* Base */ = {isa = PBXFileReference; lastKnownFileType = file.storyboard; name = Base; path = Base.lproj/LaunchScreen.storyboard; sourceTree = "<group>"; };
		288EF15A1D3050C9001FBE63 /* Info.plist */ = {isa = PBXFileReference; lastKnownFileType = text.plist.xml; path = Info.plist; sourceTree = "<group>"; };
		288EF15F1D3050C9001FBE63 /* project-18Tests.xctest */ = {isa = PBXFileReference; explicitFileType = wrapper.cfbundle; includeInIndex = 0; path = "project-18Tests.xctest"; sourceTree = BUILT_PRODUCTS_DIR; };
		288EF1631D3050C9001FBE63 /* project_18Tests.swift */ = {isa = PBXFileReference; lastKnownFileType = sourcecode.swift; path = project_18Tests.swift; sourceTree = "<group>"; };
		288EF1651D3050C9001FBE63 /* Info.plist */ = {isa = PBXFileReference; lastKnownFileType = text.plist.xml; path = Info.plist; sourceTree = "<group>"; };
		288EF16A1D3050C9001FBE63 /* project-18UITests.xctest */ = {isa = PBXFileReference; explicitFileType = wrapper.cfbundle; includeInIndex = 0; path = "project-18UITests.xctest"; sourceTree = BUILT_PRODUCTS_DIR; };
		288EF16E1D3050C9001FBE63 /* project_18UITests.swift */ = {isa = PBXFileReference; lastKnownFileType = sourcecode.swift; path = project_18UITests.swift; sourceTree = "<group>"; };
		288EF1701D3050C9001FBE63 /* Info.plist */ = {isa = PBXFileReference; lastKnownFileType = text.plist.xml; path = Info.plist; sourceTree = "<group>"; };
		288EF17C1D305B4F001FBE63 /* Event.swift */ = {isa = PBXFileReference; fileEncoding = 4; lastKnownFileType = sourcecode.swift; path = Event.swift; sourceTree = "<group>"; };
		28A542F31D344CB600BE90E0 /* Globals.swift */ = {isa = PBXFileReference; fileEncoding = 4; lastKnownFileType = sourcecode.swift; path = Globals.swift; sourceTree = "<group>"; };
		28A542F51D3455E600BE90E0 /* User.swift */ = {isa = PBXFileReference; fileEncoding = 4; lastKnownFileType = sourcecode.swift; path = User.swift; sourceTree = "<group>"; };
		28B57FF41D37455B00CE430C /* Notification.swift */ = {isa = PBXFileReference; fileEncoding = 4; lastKnownFileType = sourcecode.swift; path = Notification.swift; sourceTree = "<group>"; };
		28B57FF61D374B8F00CE430C /* NotificationNewFollow.swift */ = {isa = PBXFileReference; fileEncoding = 4; lastKnownFileType = sourcecode.swift; path = NotificationNewFollow.swift; sourceTree = "<group>"; };
		3B28B73C796451B5DFA2AD62 /* Pods_project_18UITests.framework */ = {isa = PBXFileReference; explicitFileType = wrapper.framework; includeInIndex = 0; path = Pods_project_18UITests.framework; sourceTree = BUILT_PRODUCTS_DIR; };
		602A1B38D6BA55985B35BF5B /* Pods-project-18.debug.xcconfig */ = {isa = PBXFileReference; includeInIndex = 1; lastKnownFileType = text.xcconfig; name = "Pods-project-18.debug.xcconfig"; path = "Pods/Target Support Files/Pods-project-18/Pods-project-18.debug.xcconfig"; sourceTree = "<group>"; };
		63E2A126951744DF6EEF42C7 /* Pods_project_18.framework */ = {isa = PBXFileReference; explicitFileType = wrapper.framework; includeInIndex = 0; path = Pods_project_18.framework; sourceTree = BUILT_PRODUCTS_DIR; };
		6B6B6BBC099CAAFE2DC3AD55 /* Pods-project-18UITests.release.xcconfig */ = {isa = PBXFileReference; includeInIndex = 1; lastKnownFileType = text.xcconfig; name = "Pods-project-18UITests.release.xcconfig"; path = "Pods/Target Support Files/Pods-project-18UITests/Pods-project-18UITests.release.xcconfig"; sourceTree = "<group>"; };
		79DC39A9D2A3A3B040816EE4 /* Pods-project-18Tests.debug.xcconfig */ = {isa = PBXFileReference; includeInIndex = 1; lastKnownFileType = text.xcconfig; name = "Pods-project-18Tests.debug.xcconfig"; path = "Pods/Target Support Files/Pods-project-18Tests/Pods-project-18Tests.debug.xcconfig"; sourceTree = "<group>"; };
		92CD78F47B1A3330F98C392D /* Pods_project_18Tests.framework */ = {isa = PBXFileReference; explicitFileType = wrapper.framework; includeInIndex = 0; path = Pods_project_18Tests.framework; sourceTree = BUILT_PRODUCTS_DIR; };
		F60AB8071D362D360092AB38 /* ListTableViewCell.xib */ = {isa = PBXFileReference; fileEncoding = 4; lastKnownFileType = file.xib; path = ListTableViewCell.xib; sourceTree = "<group>"; };
		F60AB8091D3631770092AB38 /* ListTableViewCell.swift */ = {isa = PBXFileReference; fileEncoding = 4; lastKnownFileType = sourcecode.swift; path = ListTableViewCell.swift; sourceTree = "<group>"; };
		F60AB80D1D3631E20092AB38 /* ViewController.swift */ = {isa = PBXFileReference; fileEncoding = 4; lastKnownFileType = sourcecode.swift; path = ViewController.swift; sourceTree = "<group>"; };
		F60AB8131D3694570092AB38 /* Comment.swift */ = {isa = PBXFileReference; fileEncoding = 4; lastKnownFileType = sourcecode.swift; path = Comment.swift; sourceTree = "<group>"; };
		F61209F11D352FE600E5C715 /* GoogleService-Info.plist */ = {isa = PBXFileReference; fileEncoding = 4; lastKnownFileType = text.plist.xml; path = "GoogleService-Info.plist"; sourceTree = "<group>"; };
		F61945441D3CE056006BB981 /* ProfileViewController.swift */ = {isa = PBXFileReference; fileEncoding = 4; lastKnownFileType = sourcecode.swift; path = ProfileViewController.swift; sourceTree = "<group>"; };
		F61945461D3CE08C006BB981 /* MapViewController.swift */ = {isa = PBXFileReference; fileEncoding = 4; lastKnownFileType = sourcecode.swift; path = MapViewController.swift; sourceTree = "<group>"; };
		F619454C1D3D03EE006BB981 /* EventInfoViewController.swift */ = {isa = PBXFileReference; fileEncoding = 4; lastKnownFileType = sourcecode.swift; path = EventInfoViewController.swift; sourceTree = "<group>"; };
		F625A3F51D3DF7C6006AA3F2 /* ic_actionbar_notif.png */ = {isa = PBXFileReference; lastKnownFileType = image.png; path = ic_actionbar_notif.png; sourceTree = "<group>"; };
		F625A3F61D3DF7C6006AA3F2 /* ic_actionbar_head.png */ = {isa = PBXFileReference; lastKnownFileType = image.png; path = ic_actionbar_head.png; sourceTree = "<group>"; };
		F625A3F71D3DF7C6006AA3F2 /* ic_actionbar_browse2.png */ = {isa = PBXFileReference; lastKnownFileType = image.png; path = ic_actionbar_browse2.png; sourceTree = "<group>"; };
		F625A3F81D3DF7C6006AA3F2 /* ic_actionbar_map2.png */ = {isa = PBXFileReference; lastKnownFileType = image.png; path = ic_actionbar_map2.png; sourceTree = "<group>"; };
		F659BD991D41089200A08679 /* project-18-Bridging-Header.h */ = {isa = PBXFileReference; lastKnownFileType = sourcecode.c.h; path = "project-18-Bridging-Header.h"; sourceTree = "<group>"; };
		F6E0D4CA1D4110A200ECF637 /* FBSDKCoreKit.framework */ = {isa = PBXFileReference; lastKnownFileType = wrapper.framework; path = FBSDKCoreKit.framework; sourceTree = "<group>"; };
		F6E0D4CB1D4110A200ECF637 /* FBSDKLoginKit.framework */ = {isa = PBXFileReference; lastKnownFileType = wrapper.framework; path = FBSDKLoginKit.framework; sourceTree = "<group>"; };
		F6E0D4CC1D4110A200ECF637 /* FBSDKShareKit.framework */ = {isa = PBXFileReference; lastKnownFileType = wrapper.framework; path = FBSDKShareKit.framework; sourceTree = "<group>"; };
		F6E0D4D01D41111400ECF637 /* Bolts.framework */ = {isa = PBXFileReference; lastKnownFileType = wrapper.framework; path = Bolts.framework; sourceTree = "<group>"; };
		F6E0D4D81D411D5300ECF637 /* ListViewController.swift */ = {isa = PBXFileReference; fileEncoding = 4; lastKnownFileType = sourcecode.swift; path = ListViewController.swift; sourceTree = "<group>"; };
		F6E0D4DF1D411E4400ECF637 /* LoginViewController.swift */ = {isa = PBXFileReference; fileEncoding = 4; lastKnownFileType = sourcecode.swift; path = LoginViewController.swift; sourceTree = "<group>"; };
/* End PBXFileReference section */

/* Begin PBXFrameworksBuildPhase section */
		288EF1461D3050C9001FBE63 /* Frameworks */ = {
			isa = PBXFrameworksBuildPhase;
			buildActionMask = 2147483647;
			files = (
				F6E0D4D11D41111400ECF637 /* Bolts.framework in Frameworks */,
				F6E0D4CF1D4110A300ECF637 /* FBSDKShareKit.framework in Frameworks */,
				BAFD470730C7EC4C8483A9A6 /* Pods_project_18.framework in Frameworks */,
				F6E0D4CD1D4110A300ECF637 /* FBSDKCoreKit.framework in Frameworks */,
				F6E0D4CE1D4110A300ECF637 /* FBSDKLoginKit.framework in Frameworks */,
			);
			runOnlyForDeploymentPostprocessing = 0;
		};
		288EF15C1D3050C9001FBE63 /* Frameworks */ = {
			isa = PBXFrameworksBuildPhase;
			buildActionMask = 2147483647;
			files = (
				E4335D284C29DFE8F42F1501 /* Pods_project_18Tests.framework in Frameworks */,
			);
			runOnlyForDeploymentPostprocessing = 0;
		};
		288EF1671D3050C9001FBE63 /* Frameworks */ = {
			isa = PBXFrameworksBuildPhase;
			buildActionMask = 2147483647;
			files = (
				054655B4BCA5A854AF24F2FD /* Pods_project_18UITests.framework in Frameworks */,
			);
			runOnlyForDeploymentPostprocessing = 0;
		};
/* End PBXFrameworksBuildPhase section */

/* Begin PBXGroup section */
		288EF1401D3050C9001FBE63 = {
			isa = PBXGroup;
			children = (
				F625A3F41D3DF79B006AA3F2 /* Images */,
				288EF14B1D3050C9001FBE63 /* project-18 */,
				288EF1621D3050C9001FBE63 /* project-18Tests */,
				288EF16D1D3050C9001FBE63 /* project-18UITests */,
				288EF14A1D3050C9001FBE63 /* Products */,
				F1B04C8B344CFDB2C382E9E4 /* Pods */,
				46506CBBCABF08008790F99B /* Frameworks */,
			);
			sourceTree = "<group>";
		};
		288EF14A1D3050C9001FBE63 /* Products */ = {
			isa = PBXGroup;
			children = (
				288EF1491D3050C9001FBE63 /* project-18.app */,
				288EF15F1D3050C9001FBE63 /* project-18Tests.xctest */,
				288EF16A1D3050C9001FBE63 /* project-18UITests.xctest */,
			);
			name = Products;
			sourceTree = "<group>";
		};
		288EF14B1D3050C9001FBE63 /* project-18 */ = {
			isa = PBXGroup;
			children = (
				288EF14C1D3050C9001FBE63 /* AppDelegate.swift */,
				28A542F31D344CB600BE90E0 /* Globals.swift */,
				F60AB8091D3631770092AB38 /* ListTableViewCell.swift */,
				F61945441D3CE056006BB981 /* ProfileViewController.swift */,
				F61945461D3CE08C006BB981 /* MapViewController.swift */,
				F60AB80D1D3631E20092AB38 /* ViewController.swift */,
				F6E0D4D81D411D5300ECF637 /* ListViewController.swift */,
				F6E0D4DF1D411E4400ECF637 /* LoginViewController.swift */,
				F619454C1D3D03EE006BB981 /* EventInfoViewController.swift */,
				288EF1521D3050C9001FBE63 /* Main.storyboard */,
				288EF1551D3050C9001FBE63 /* Assets.xcassets */,
				288EF1571D3050C9001FBE63 /* LaunchScreen.storyboard */,
				288EF15A1D3050C9001FBE63 /* Info.plist */,
				288EF17C1D305B4F001FBE63 /* Event.swift */,
				F60AB8131D3694570092AB38 /* Comment.swift */,
				F60AB8071D362D360092AB38 /* ListTableViewCell.xib */,
				28A542F51D3455E600BE90E0 /* User.swift */,
				28B57FF41D37455B00CE430C /* Notification.swift */,
				28B57FF61D374B8F00CE430C /* NotificationNewFollow.swift */,
				2880FEA21D389029009BD67B /* NotificationJoinedEvent.swift */,
				2880FEA41D3892C2009BD67B /* NotificationWelcome.swift */,
				2880FEA01D388E5C009BD67B /* NotificationInviteEvent.swift */,
				2880FE9E1D388949009BD67B /* NotificationFriendHost.swift */,
				2802BB611D384725006EBD15 /* NotificationCommentEvent.swift */,
				F61209F11D352FE600E5C715 /* GoogleService-Info.plist */,
				F659BD991D41089200A08679 /* project-18-Bridging-Header.h */,
			);
			path = "project-18";
			sourceTree = "<group>";
		};
		288EF1621D3050C9001FBE63 /* project-18Tests */ = {
			isa = PBXGroup;
			children = (
				288EF1631D3050C9001FBE63 /* project_18Tests.swift */,
				288EF1651D3050C9001FBE63 /* Info.plist */,
			);
			path = "project-18Tests";
			sourceTree = "<group>";
		};
		288EF16D1D3050C9001FBE63 /* project-18UITests */ = {
			isa = PBXGroup;
			children = (
				288EF16E1D3050C9001FBE63 /* project_18UITests.swift */,
				288EF1701D3050C9001FBE63 /* Info.plist */,
			);
			path = "project-18UITests";
			sourceTree = "<group>";
		};
		46506CBBCABF08008790F99B /* Frameworks */ = {
			isa = PBXGroup;
			children = (
				F6E0D4D01D41111400ECF637 /* Bolts.framework */,
				F6E0D4CA1D4110A200ECF637 /* FBSDKCoreKit.framework */,
				F6E0D4CB1D4110A200ECF637 /* FBSDKLoginKit.framework */,
				F6E0D4CC1D4110A200ECF637 /* FBSDKShareKit.framework */,
				63E2A126951744DF6EEF42C7 /* Pods_project_18.framework */,
				92CD78F47B1A3330F98C392D /* Pods_project_18Tests.framework */,
				3B28B73C796451B5DFA2AD62 /* Pods_project_18UITests.framework */,
			);
			name = Frameworks;
			sourceTree = "<group>";
		};
		F1B04C8B344CFDB2C382E9E4 /* Pods */ = {
			isa = PBXGroup;
			children = (
				602A1B38D6BA55985B35BF5B /* Pods-project-18.debug.xcconfig */,
				1F601368BE812AE1B3D4FF6E /* Pods-project-18.release.xcconfig */,
				79DC39A9D2A3A3B040816EE4 /* Pods-project-18Tests.debug.xcconfig */,
				059CCB12A12BBA8C67273267 /* Pods-project-18Tests.release.xcconfig */,
				0C6DC42C570E0D10BC06FF44 /* Pods-project-18UITests.debug.xcconfig */,
				6B6B6BBC099CAAFE2DC3AD55 /* Pods-project-18UITests.release.xcconfig */,
			);
			name = Pods;
			sourceTree = "<group>";
		};
		F625A3F41D3DF79B006AA3F2 /* Images */ = {
			isa = PBXGroup;
			children = (
				F625A3F51D3DF7C6006AA3F2 /* ic_actionbar_notif.png */,
				F625A3F61D3DF7C6006AA3F2 /* ic_actionbar_head.png */,
				F625A3F71D3DF7C6006AA3F2 /* ic_actionbar_browse2.png */,
				F625A3F81D3DF7C6006AA3F2 /* ic_actionbar_map2.png */,
			);
			name = Images;
			sourceTree = "<group>";
		};
/* End PBXGroup section */

/* Begin PBXNativeTarget section */
		288EF1481D3050C9001FBE63 /* project-18 */ = {
			isa = PBXNativeTarget;
			buildConfigurationList = 288EF1731D3050C9001FBE63 /* Build configuration list for PBXNativeTarget "project-18" */;
			buildPhases = (
				E98045502119F1BA2D92BF50 /* [CP] Check Pods Manifest.lock */,
				288EF1451D3050C9001FBE63 /* Sources */,
				288EF1461D3050C9001FBE63 /* Frameworks */,
				288EF1471D3050C9001FBE63 /* Resources */,
				698B8B0A90C833715CCA4313 /* [CP] Embed Pods Frameworks */,
				17561B8B825F7F5508CBF01F /* [CP] Copy Pods Resources */,
			);
			buildRules = (
			);
			dependencies = (
			);
			name = "project-18";
			productName = "project-18";
			productReference = 288EF1491D3050C9001FBE63 /* project-18.app */;
			productType = "com.apple.product-type.application";
		};
		288EF15E1D3050C9001FBE63 /* project-18Tests */ = {
			isa = PBXNativeTarget;
			buildConfigurationList = 288EF1761D3050C9001FBE63 /* Build configuration list for PBXNativeTarget "project-18Tests" */;
			buildPhases = (
				0C7547E2CA240243B658358B /* [CP] Check Pods Manifest.lock */,
				288EF15B1D3050C9001FBE63 /* Sources */,
				288EF15C1D3050C9001FBE63 /* Frameworks */,
				288EF15D1D3050C9001FBE63 /* Resources */,
				8A3E28D913B6BA9CC1A2B73B /* [CP] Embed Pods Frameworks */,
				2EAA0E49833C417145857AC9 /* [CP] Copy Pods Resources */,
			);
			buildRules = (
			);
			dependencies = (
				288EF1611D3050C9001FBE63 /* PBXTargetDependency */,
			);
			name = "project-18Tests";
			productName = "project-18Tests";
			productReference = 288EF15F1D3050C9001FBE63 /* project-18Tests.xctest */;
			productType = "com.apple.product-type.bundle.unit-test";
		};
		288EF1691D3050C9001FBE63 /* project-18UITests */ = {
			isa = PBXNativeTarget;
			buildConfigurationList = 288EF1791D3050C9001FBE63 /* Build configuration list for PBXNativeTarget "project-18UITests" */;
			buildPhases = (
				9966CB1D2288E00417407190 /* [CP] Check Pods Manifest.lock */,
				288EF1661D3050C9001FBE63 /* Sources */,
				288EF1671D3050C9001FBE63 /* Frameworks */,
				288EF1681D3050C9001FBE63 /* Resources */,
				EA79AB356064ABEE37E5FA47 /* [CP] Copy Pods Resources */,
			);
			buildRules = (
			);
			dependencies = (
				288EF16C1D3050C9001FBE63 /* PBXTargetDependency */,
			);
			name = "project-18UITests";
			productName = "project-18UITests";
			productReference = 288EF16A1D3050C9001FBE63 /* project-18UITests.xctest */;
			productType = "com.apple.product-type.bundle.ui-testing";
		};
/* End PBXNativeTarget section */

/* Begin PBXProject section */
		288EF1411D3050C9001FBE63 /* Project object */ = {
			isa = PBXProject;
			attributes = {
				KnownAssetTags = (
					popular,
					popularTableView,
				);
				LastSwiftUpdateCheck = 0730;
				LastUpgradeCheck = 0730;
				ORGANIZATIONNAME = stazo;
				TargetAttributes = {
					288EF1481D3050C9001FBE63 = {
						CreatedOnToolsVersion = 7.3.1;
					};
					288EF15E1D3050C9001FBE63 = {
						CreatedOnToolsVersion = 7.3.1;
						TestTargetID = 288EF1481D3050C9001FBE63;
					};
					288EF1691D3050C9001FBE63 = {
						CreatedOnToolsVersion = 7.3.1;
						TestTargetID = 288EF1481D3050C9001FBE63;
					};
				};
			};
			buildConfigurationList = 288EF1441D3050C9001FBE63 /* Build configuration list for PBXProject "project-18" */;
			compatibilityVersion = "Xcode 3.2";
			developmentRegion = English;
			hasScannedForEncodings = 0;
			knownRegions = (
				en,
				Base,
			);
			mainGroup = 288EF1401D3050C9001FBE63;
			productRefGroup = 288EF14A1D3050C9001FBE63 /* Products */;
			projectDirPath = "";
			projectRoot = "";
			targets = (
				288EF1481D3050C9001FBE63 /* project-18 */,
				288EF15E1D3050C9001FBE63 /* project-18Tests */,
				288EF1691D3050C9001FBE63 /* project-18UITests */,
			);
		};
/* End PBXProject section */

/* Begin PBXResourcesBuildPhase section */
		288EF1471D3050C9001FBE63 /* Resources */ = {
			isa = PBXResourcesBuildPhase;
			buildActionMask = 2147483647;
			files = (
				288EF1591D3050C9001FBE63 /* LaunchScreen.storyboard in Resources */,
				F61209F21D352FE600E5C715 /* GoogleService-Info.plist in Resources */,
				F625A3F91D3DF7C6006AA3F2 /* ic_actionbar_notif.png in Resources */,
				F625A3FC1D3DF7C6006AA3F2 /* ic_actionbar_map2.png in Resources */,
				F625A3FA1D3DF7C6006AA3F2 /* ic_actionbar_head.png in Resources */,
				F625A3FB1D3DF7C6006AA3F2 /* ic_actionbar_browse2.png in Resources */,
				288EF1561D3050C9001FBE63 /* Assets.xcassets in Resources */,
				288EF1541D3050C9001FBE63 /* Main.storyboard in Resources */,
				F60AB8081D362D360092AB38 /* ListTableViewCell.xib in Resources */,
			);
			runOnlyForDeploymentPostprocessing = 0;
		};
		288EF15D1D3050C9001FBE63 /* Resources */ = {
			isa = PBXResourcesBuildPhase;
			buildActionMask = 2147483647;
			files = (
			);
			runOnlyForDeploymentPostprocessing = 0;
		};
		288EF1681D3050C9001FBE63 /* Resources */ = {
			isa = PBXResourcesBuildPhase;
			buildActionMask = 2147483647;
			files = (
			);
			runOnlyForDeploymentPostprocessing = 0;
		};
/* End PBXResourcesBuildPhase section */

/* Begin PBXShellScriptBuildPhase section */
		0C7547E2CA240243B658358B /* [CP] Check Pods Manifest.lock */ = {
			isa = PBXShellScriptBuildPhase;
			buildActionMask = 2147483647;
			files = (
			);
			inputPaths = (
			);
			name = "[CP] Check Pods Manifest.lock";
			outputPaths = (
			);
			runOnlyForDeploymentPostprocessing = 0;
			shellPath = /bin/sh;
			shellScript = "diff \"${PODS_ROOT}/../Podfile.lock\" \"${PODS_ROOT}/Manifest.lock\" > /dev/null\nif [[ $? != 0 ]] ; then\n    cat << EOM\nerror: The sandbox is not in sync with the Podfile.lock. Run 'pod install' or update your CocoaPods installation.\nEOM\n    exit 1\nfi\n";
			showEnvVarsInLog = 0;
		};
		17561B8B825F7F5508CBF01F /* [CP] Copy Pods Resources */ = {
			isa = PBXShellScriptBuildPhase;
			buildActionMask = 2147483647;
			files = (
			);
			inputPaths = (
			);
			name = "[CP] Copy Pods Resources";
			outputPaths = (
			);
			runOnlyForDeploymentPostprocessing = 0;
			shellPath = /bin/sh;
			shellScript = "\"${SRCROOT}/Pods/Target Support Files/Pods-project-18/Pods-project-18-resources.sh\"\n";
			showEnvVarsInLog = 0;
		};
		2EAA0E49833C417145857AC9 /* [CP] Copy Pods Resources */ = {
			isa = PBXShellScriptBuildPhase;
			buildActionMask = 2147483647;
			files = (
			);
			inputPaths = (
			);
			name = "[CP] Copy Pods Resources";
			outputPaths = (
			);
			runOnlyForDeploymentPostprocessing = 0;
			shellPath = /bin/sh;
			shellScript = "\"${SRCROOT}/Pods/Target Support Files/Pods-project-18Tests/Pods-project-18Tests-resources.sh\"\n";
			showEnvVarsInLog = 0;
		};
		698B8B0A90C833715CCA4313 /* [CP] Embed Pods Frameworks */ = {
			isa = PBXShellScriptBuildPhase;
			buildActionMask = 2147483647;
			files = (
			);
			inputPaths = (
			);
			name = "[CP] Embed Pods Frameworks";
			outputPaths = (
			);
			runOnlyForDeploymentPostprocessing = 0;
			shellPath = /bin/sh;
			shellScript = "\"${SRCROOT}/Pods/Target Support Files/Pods-project-18/Pods-project-18-frameworks.sh\"\n";
			showEnvVarsInLog = 0;
		};
		8A3E28D913B6BA9CC1A2B73B /* [CP] Embed Pods Frameworks */ = {
			isa = PBXShellScriptBuildPhase;
			buildActionMask = 2147483647;
			files = (
			);
			inputPaths = (
			);
			name = "[CP] Embed Pods Frameworks";
			outputPaths = (
			);
			runOnlyForDeploymentPostprocessing = 0;
			shellPath = /bin/sh;
			shellScript = "\"${SRCROOT}/Pods/Target Support Files/Pods-project-18Tests/Pods-project-18Tests-frameworks.sh\"\n";
			showEnvVarsInLog = 0;
		};
		9966CB1D2288E00417407190 /* [CP] Check Pods Manifest.lock */ = {
			isa = PBXShellScriptBuildPhase;
			buildActionMask = 2147483647;
			files = (
			);
			inputPaths = (
			);
			name = "[CP] Check Pods Manifest.lock";
			outputPaths = (
			);
			runOnlyForDeploymentPostprocessing = 0;
			shellPath = /bin/sh;
			shellScript = "diff \"${PODS_ROOT}/../Podfile.lock\" \"${PODS_ROOT}/Manifest.lock\" > /dev/null\nif [[ $? != 0 ]] ; then\n    cat << EOM\nerror: The sandbox is not in sync with the Podfile.lock. Run 'pod install' or update your CocoaPods installation.\nEOM\n    exit 1\nfi\n";
			showEnvVarsInLog = 0;
		};
		E98045502119F1BA2D92BF50 /* [CP] Check Pods Manifest.lock */ = {
			isa = PBXShellScriptBuildPhase;
			buildActionMask = 2147483647;
			files = (
			);
			inputPaths = (
			);
			name = "[CP] Check Pods Manifest.lock";
			outputPaths = (
			);
			runOnlyForDeploymentPostprocessing = 0;
			shellPath = /bin/sh;
			shellScript = "diff \"${PODS_ROOT}/../Podfile.lock\" \"${PODS_ROOT}/Manifest.lock\" > /dev/null\nif [[ $? != 0 ]] ; then\n    cat << EOM\nerror: The sandbox is not in sync with the Podfile.lock. Run 'pod install' or update your CocoaPods installation.\nEOM\n    exit 1\nfi\n";
			showEnvVarsInLog = 0;
		};
		EA79AB356064ABEE37E5FA47 /* [CP] Copy Pods Resources */ = {
			isa = PBXShellScriptBuildPhase;
			buildActionMask = 2147483647;
			files = (
			);
			inputPaths = (
			);
			name = "[CP] Copy Pods Resources";
			outputPaths = (
			);
			runOnlyForDeploymentPostprocessing = 0;
			shellPath = /bin/sh;
			shellScript = "\"${SRCROOT}/Pods/Target Support Files/Pods-project-18UITests/Pods-project-18UITests-resources.sh\"\n";
			showEnvVarsInLog = 0;
		};
/* End PBXShellScriptBuildPhase section */

/* Begin PBXSourcesBuildPhase section */
		288EF1451D3050C9001FBE63 /* Sources */ = {
			isa = PBXSourcesBuildPhase;
			buildActionMask = 2147483647;
			files = (
				2880FE9F1D388949009BD67B /* NotificationFriendHost.swift in Sources */,
				F60AB80E1D3631E20092AB38 /* ViewController.swift in Sources */,
				288EF17D1D305B4F001FBE63 /* Event.swift in Sources */,
				28B57FF71D374B8F00CE430C /* NotificationNewFollow.swift in Sources */,
				F6E0D4E01D411E4400ECF637 /* LoginViewController.swift in Sources */,
				28A542F61D3455E600BE90E0 /* User.swift in Sources */,
				28B57FF51D37455B00CE430C /* Notification.swift in Sources */,
				F61945471D3CE08C006BB981 /* MapViewController.swift in Sources */,
				288EF14D1D3050C9001FBE63 /* AppDelegate.swift in Sources */,
				F60AB80A1D3631770092AB38 /* ListTableViewCell.swift in Sources */,
				F619454D1D3D03EE006BB981 /* EventInfoViewController.swift in Sources */,
				F61945451D3CE056006BB981 /* ProfileViewController.swift in Sources */,
				2880FEA51D3892C2009BD67B /* NotificationWelcome.swift in Sources */,
				28A542F41D344CB600BE90E0 /* Globals.swift in Sources */,
				2880FEA31D389029009BD67B /* NotificationJoinedEvent.swift in Sources */,
				F6E0D4D91D411D5300ECF637 /* ListViewController.swift in Sources */,
				2880FEA11D388E5C009BD67B /* NotificationInviteEvent.swift in Sources */,
				F60AB8141D3694570092AB38 /* Comment.swift in Sources */,
				2802BB621D384725006EBD15 /* NotificationCommentEvent.swift in Sources */,
			);
			runOnlyForDeploymentPostprocessing = 0;
		};
		288EF15B1D3050C9001FBE63 /* Sources */ = {
			isa = PBXSourcesBuildPhase;
			buildActionMask = 2147483647;
			files = (
				288EF1641D3050C9001FBE63 /* project_18Tests.swift in Sources */,
			);
			runOnlyForDeploymentPostprocessing = 0;
		};
		288EF1661D3050C9001FBE63 /* Sources */ = {
			isa = PBXSourcesBuildPhase;
			buildActionMask = 2147483647;
			files = (
				288EF16F1D3050C9001FBE63 /* project_18UITests.swift in Sources */,
			);
			runOnlyForDeploymentPostprocessing = 0;
		};
/* End PBXSourcesBuildPhase section */

/* Begin PBXTargetDependency section */
		288EF1611D3050C9001FBE63 /* PBXTargetDependency */ = {
			isa = PBXTargetDependency;
			target = 288EF1481D3050C9001FBE63 /* project-18 */;
			targetProxy = 288EF1601D3050C9001FBE63 /* PBXContainerItemProxy */;
		};
		288EF16C1D3050C9001FBE63 /* PBXTargetDependency */ = {
			isa = PBXTargetDependency;
			target = 288EF1481D3050C9001FBE63 /* project-18 */;
			targetProxy = 288EF16B1D3050C9001FBE63 /* PBXContainerItemProxy */;
		};
/* End PBXTargetDependency section */

/* Begin PBXVariantGroup section */
		288EF1521D3050C9001FBE63 /* Main.storyboard */ = {
			isa = PBXVariantGroup;
			children = (
				288EF1531D3050C9001FBE63 /* Base */,
			);
			name = Main.storyboard;
			sourceTree = "<group>";
		};
		288EF1571D3050C9001FBE63 /* LaunchScreen.storyboard */ = {
			isa = PBXVariantGroup;
			children = (
				288EF1581D3050C9001FBE63 /* Base */,
			);
			name = LaunchScreen.storyboard;
			sourceTree = "<group>";
		};
/* End PBXVariantGroup section */

/* Begin XCBuildConfiguration section */
		288EF1711D3050C9001FBE63 /* Debug */ = {
			isa = XCBuildConfiguration;
			buildSettings = {
				ALWAYS_SEARCH_USER_PATHS = NO;
				CLANG_ANALYZER_NONNULL = YES;
				CLANG_CXX_LANGUAGE_STANDARD = "gnu++0x";
				CLANG_CXX_LIBRARY = "libc++";
				CLANG_ENABLE_MODULES = YES;
				CLANG_ENABLE_OBJC_ARC = YES;
				CLANG_WARN_BOOL_CONVERSION = YES;
				CLANG_WARN_CONSTANT_CONVERSION = YES;
				CLANG_WARN_DIRECT_OBJC_ISA_USAGE = YES_ERROR;
				CLANG_WARN_EMPTY_BODY = YES;
				CLANG_WARN_ENUM_CONVERSION = YES;
				CLANG_WARN_INT_CONVERSION = YES;
				CLANG_WARN_OBJC_ROOT_CLASS = YES_ERROR;
				CLANG_WARN_UNREACHABLE_CODE = YES;
				CLANG_WARN__DUPLICATE_METHOD_MATCH = YES;
				"CODE_SIGN_IDENTITY[sdk=iphoneos*]" = "iPhone Developer";
				COPY_PHASE_STRIP = NO;
				DEBUG_INFORMATION_FORMAT = dwarf;
				ENABLE_STRICT_OBJC_MSGSEND = YES;
				ENABLE_TESTABILITY = YES;
				GCC_C_LANGUAGE_STANDARD = gnu99;
				GCC_DYNAMIC_NO_PIC = NO;
				GCC_NO_COMMON_BLOCKS = YES;
				GCC_OPTIMIZATION_LEVEL = 0;
				GCC_PREPROCESSOR_DEFINITIONS = (
					"DEBUG=1",
					"$(inherited)",
				);
				GCC_WARN_64_TO_32_BIT_CONVERSION = YES;
				GCC_WARN_ABOUT_RETURN_TYPE = YES_ERROR;
				GCC_WARN_UNDECLARED_SELECTOR = YES;
				GCC_WARN_UNINITIALIZED_AUTOS = YES_AGGRESSIVE;
				GCC_WARN_UNUSED_FUNCTION = YES;
				GCC_WARN_UNUSED_VARIABLE = YES;
				IPHONEOS_DEPLOYMENT_TARGET = 9.3;
				MTL_ENABLE_DEBUG_INFO = YES;
				ONLY_ACTIVE_ARCH = YES;
				SDKROOT = iphoneos;
				SWIFT_OPTIMIZATION_LEVEL = "-Onone";
				TARGETED_DEVICE_FAMILY = "1,2";
			};
			name = Debug;
		};
		288EF1721D3050C9001FBE63 /* Release */ = {
			isa = XCBuildConfiguration;
			buildSettings = {
				ALWAYS_SEARCH_USER_PATHS = NO;
				CLANG_ANALYZER_NONNULL = YES;
				CLANG_CXX_LANGUAGE_STANDARD = "gnu++0x";
				CLANG_CXX_LIBRARY = "libc++";
				CLANG_ENABLE_MODULES = YES;
				CLANG_ENABLE_OBJC_ARC = YES;
				CLANG_WARN_BOOL_CONVERSION = YES;
				CLANG_WARN_CONSTANT_CONVERSION = YES;
				CLANG_WARN_DIRECT_OBJC_ISA_USAGE = YES_ERROR;
				CLANG_WARN_EMPTY_BODY = YES;
				CLANG_WARN_ENUM_CONVERSION = YES;
				CLANG_WARN_INT_CONVERSION = YES;
				CLANG_WARN_OBJC_ROOT_CLASS = YES_ERROR;
				CLANG_WARN_UNREACHABLE_CODE = YES;
				CLANG_WARN__DUPLICATE_METHOD_MATCH = YES;
				"CODE_SIGN_IDENTITY[sdk=iphoneos*]" = "iPhone Developer";
				COPY_PHASE_STRIP = NO;
				DEBUG_INFORMATION_FORMAT = "dwarf-with-dsym";
				ENABLE_NS_ASSERTIONS = NO;
				ENABLE_STRICT_OBJC_MSGSEND = YES;
				GCC_C_LANGUAGE_STANDARD = gnu99;
				GCC_NO_COMMON_BLOCKS = YES;
				GCC_WARN_64_TO_32_BIT_CONVERSION = YES;
				GCC_WARN_ABOUT_RETURN_TYPE = YES_ERROR;
				GCC_WARN_UNDECLARED_SELECTOR = YES;
				GCC_WARN_UNINITIALIZED_AUTOS = YES_AGGRESSIVE;
				GCC_WARN_UNUSED_FUNCTION = YES;
				GCC_WARN_UNUSED_VARIABLE = YES;
				IPHONEOS_DEPLOYMENT_TARGET = 9.3;
				MTL_ENABLE_DEBUG_INFO = NO;
				SDKROOT = iphoneos;
				TARGETED_DEVICE_FAMILY = "1,2";
				VALIDATE_PRODUCT = YES;
			};
			name = Release;
		};
		288EF1741D3050C9001FBE63 /* Debug */ = {
			isa = XCBuildConfiguration;
			baseConfigurationReference = 602A1B38D6BA55985B35BF5B /* Pods-project-18.debug.xcconfig */;
			buildSettings = {
				ALWAYS_SEARCH_USER_PATHS = NO;
				ASSETCATALOG_COMPILER_APPICON_NAME = AppIcon;
				CLANG_ENABLE_MODULES = YES;
				CODE_SIGN_IDENTITY = "iPhone Developer";
				"CODE_SIGN_IDENTITY[sdk=iphoneos*]" = "iPhone Developer";
				FRAMEWORK_SEARCH_PATHS = (
					"$(inherited)",
					"$(PROJECT_DIR)",
					"$(PROJECT_DIR)/Pods",
				);
				INFOPLIST_FILE = "project-18/Info.plist";
				LD_RUNPATH_SEARCH_PATHS = "$(inherited) @executable_path/Frameworks";
				PRODUCT_BUNDLE_IDENTIFIER = "stazo.project-18";
				PRODUCT_NAME = "$(TARGET_NAME)";
				PROVISIONING_PROFILE = "";
				SWIFT_OBJC_BRIDGING_HEADER = "project-18/project-18-Bridging-Header.h";
				SWIFT_OPTIMIZATION_LEVEL = "-Onone";
			};
			name = Debug;
		};
		288EF1751D3050C9001FBE63 /* Release */ = {
			isa = XCBuildConfiguration;
			baseConfigurationReference = 1F601368BE812AE1B3D4FF6E /* Pods-project-18.release.xcconfig */;
			buildSettings = {
				ALWAYS_SEARCH_USER_PATHS = NO;
				ASSETCATALOG_COMPILER_APPICON_NAME = AppIcon;
				CLANG_ENABLE_MODULES = YES;
				CODE_SIGN_IDENTITY = "iPhone Developer";
				"CODE_SIGN_IDENTITY[sdk=iphoneos*]" = "iPhone Developer";
				FRAMEWORK_SEARCH_PATHS = (
					"$(inherited)",
					"$(PROJECT_DIR)",
					"$(PROJECT_DIR)/Pods",
				);
				INFOPLIST_FILE = "project-18/Info.plist";
				LD_RUNPATH_SEARCH_PATHS = "$(inherited) @executable_path/Frameworks";
				PRODUCT_BUNDLE_IDENTIFIER = "stazo.project-18";
				PRODUCT_NAME = "$(TARGET_NAME)";
				PROVISIONING_PROFILE = "";
				SWIFT_OBJC_BRIDGING_HEADER = "project-18/project-18-Bridging-Header.h";
			};
			name = Release;
		};
		288EF1771D3050C9001FBE63 /* Debug */ = {
			isa = XCBuildConfiguration;
			baseConfigurationReference = 79DC39A9D2A3A3B040816EE4 /* Pods-project-18Tests.debug.xcconfig */;
			buildSettings = {
				BUNDLE_LOADER = "$(TEST_HOST)";
				INFOPLIST_FILE = "project-18Tests/Info.plist";
				LD_RUNPATH_SEARCH_PATHS = "$(inherited) @executable_path/Frameworks @loader_path/Frameworks";
				PRODUCT_BUNDLE_IDENTIFIER = "stazo.project-18Tests";
				PRODUCT_NAME = "$(TARGET_NAME)";
				TEST_HOST = "$(BUILT_PRODUCTS_DIR)/project-18.app/project-18";
			};
			name = Debug;
		};
		288EF1781D3050C9001FBE63 /* Release */ = {
			isa = XCBuildConfiguration;
			baseConfigurationReference = 059CCB12A12BBA8C67273267 /* Pods-project-18Tests.release.xcconfig */;
			buildSettings = {
				BUNDLE_LOADER = "$(TEST_HOST)";
				INFOPLIST_FILE = "project-18Tests/Info.plist";
				LD_RUNPATH_SEARCH_PATHS = "$(inherited) @executable_path/Frameworks @loader_path/Frameworks";
				PRODUCT_BUNDLE_IDENTIFIER = "stazo.project-18Tests";
				PRODUCT_NAME = "$(TARGET_NAME)";
				TEST_HOST = "$(BUILT_PRODUCTS_DIR)/project-18.app/project-18";
			};
			name = Release;
		};
		288EF17A1D3050C9001FBE63 /* Debug */ = {
			isa = XCBuildConfiguration;
			baseConfigurationReference = 0C6DC42C570E0D10BC06FF44 /* Pods-project-18UITests.debug.xcconfig */;
			buildSettings = {
				INFOPLIST_FILE = "project-18UITests/Info.plist";
				LD_RUNPATH_SEARCH_PATHS = "$(inherited) @executable_path/Frameworks @loader_path/Frameworks";
				PRODUCT_BUNDLE_IDENTIFIER = "stazo.project-18UITests";
				PRODUCT_NAME = "$(TARGET_NAME)";
				TEST_TARGET_NAME = "project-18";
			};
			name = Debug;
		};
		288EF17B1D3050C9001FBE63 /* Release */ = {
			isa = XCBuildConfiguration;
			baseConfigurationReference = 6B6B6BBC099CAAFE2DC3AD55 /* Pods-project-18UITests.release.xcconfig */;
			buildSettings = {
				INFOPLIST_FILE = "project-18UITests/Info.plist";
				LD_RUNPATH_SEARCH_PATHS = "$(inherited) @executable_path/Frameworks @loader_path/Frameworks";
				PRODUCT_BUNDLE_IDENTIFIER = "stazo.project-18UITests";
				PRODUCT_NAME = "$(TARGET_NAME)";
				TEST_TARGET_NAME = "project-18";
			};
			name = Release;
		};
/* End XCBuildConfiguration section */

/* Begin XCConfigurationList section */
		288EF1441D3050C9001FBE63 /* Build configuration list for PBXProject "project-18" */ = {
			isa = XCConfigurationList;
			buildConfigurations = (
				288EF1711D3050C9001FBE63 /* Debug */,
				288EF1721D3050C9001FBE63 /* Release */,
			);
			defaultConfigurationIsVisible = 0;
			defaultConfigurationName = Release;
		};
		288EF1731D3050C9001FBE63 /* Build configuration list for PBXNativeTarget "project-18" */ = {
			isa = XCConfigurationList;
			buildConfigurations = (
				288EF1741D3050C9001FBE63 /* Debug */,
				288EF1751D3050C9001FBE63 /* Release */,
			);
			defaultConfigurationIsVisible = 0;
			defaultConfigurationName = Release;
		};
		288EF1761D3050C9001FBE63 /* Build configuration list for PBXNativeTarget "project-18Tests" */ = {
			isa = XCConfigurationList;
			buildConfigurations = (
				288EF1771D3050C9001FBE63 /* Debug */,
				288EF1781D3050C9001FBE63 /* Release */,
			);
			defaultConfigurationIsVisible = 0;
			defaultConfigurationName = Release;
		};
		288EF1791D3050C9001FBE63 /* Build configuration list for PBXNativeTarget "project-18UITests" */ = {
			isa = XCConfigurationList;
			buildConfigurations = (
				288EF17A1D3050C9001FBE63 /* Debug */,
				288EF17B1D3050C9001FBE63 /* Release */,
			);
			defaultConfigurationIsVisible = 0;
			defaultConfigurationName = Release;
		};
/* End XCConfigurationList section */
	};
	rootObject = 288EF1411D3050C9001FBE63 /* Project object */;
}
